
Microsoft Visual Studio Solution File, Format Version 12.00
# Visual Studio Version 17
VisualStudioVersion = 17.5.33627.172
MinimumVisualStudioVersion = 10.0.40219.1
Project("{FAE04EC0-301F-11D3-BF4B-00C04F79EFBC}") = "hodoIevendothis", "hodoIevendothis\hodoIevendothis.csproj", "{F671EBF5-EDA1-4E5D-98E3-DF422B58B23D}"
EndProject
Global
	GlobalSection(SolutionConfigurationPlatforms) = preSolution
		Debug|Any CPU = Debug|Any CPU
		Release|Any CPU = Release|Any CPU
	EndGlobalSection
	GlobalSection(ProjectConfigurationPlatforms) = postSolution
		{F671EBF5-EDA1-4E5D-98E3-DF422B58B23D}.Debug|Any CPU.ActiveCfg = Debug|Any CPU
		{F671EBF5-EDA1-4E5D-98E3-DF422B58B23D}.Debug|Any CPU.Build.0 = Debug|Any CPU
		{F671EBF5-EDA1-4E5D-98E3-DF422B58B23D}.Release|Any CPU.ActiveCfg = Release|Any CPU
		{F671EBF5-EDA1-4E5D-98E3-DF422B58B23D}.Release|Any CPU.Build.0 = Release|Any CPU
	EndGlobalSection
	GlobalSection(SolutionProperties) = preSolution
		HideSolutionNode = FALSE
	EndGlobalSection
	GlobalSection(ExtensibilityGlobals) = postSolution
		SolutionGuid = {BAA79996-EF95-4561-9ECF-4D7EEB39144D}
	EndGlobalSection
EndGlobal
